
Microsoft Visual Studio Solution File, Format Version 12.00
# Visual Studio 15
VisualStudioVersion = 15.0.28010.2019
MinimumVisualStudioVersion = 10.0.40219.1
Project("{FAE04EC0-301F-11D3-BF4B-00C04F79EFBC}") = "lemon_shop", "lemon_shop.csproj", "{0325B340-B46B-46FA-A362-5BED628055C2}"
EndProject
Global
	GlobalSection(SolutionConfigurationPlatforms) = preSolution
		Debug|Any CPU = Debug|Any CPU
		Release|Any CPU = Release|Any CPU
	EndGlobalSection
	GlobalSection(ProjectConfigurationPlatforms) = postSolution
		{0325B340-B46B-46FA-A362-5BED628055C2}.Debug|Any CPU.ActiveCfg = Debug|Any CPU
		{0325B340-B46B-46FA-A362-5BED628055C2}.Debug|Any CPU.Build.0 = Debug|Any CPU
		{0325B340-B46B-46FA-A362-5BED628055C2}.Release|Any CPU.ActiveCfg = Release|Any CPU
		{0325B340-B46B-46FA-A362-5BED628055C2}.Release|Any CPU.Build.0 = Release|Any CPU
	EndGlobalSection
	GlobalSection(SolutionProperties) = preSolution
		HideSolutionNode = FALSE
	EndGlobalSection
	GlobalSection(ExtensibilityGlobals) = postSolution
		SolutionGuid = {89DD3DC6-4B93-443F-981E-7F49F3919BAC}
	EndGlobalSection
EndGlobal
